// !$*UTF8*$!
{
	archiveVersion = 1;
	classes = {
	};
	objectVersion = 56;
	objects = {

/* Begin PBXBuildFile section */
		445C0F582BC7C8FC004CD30D /* AppDelegate.swift in Sources */ = {isa = PBXBuildFile; fileRef = 445C0F572BC7C8FC004CD30D /* AppDelegate.swift */; };
		445C0F5A2BC7C8FC004CD30D /* SceneDelegate.swift in Sources */ = {isa = PBXBuildFile; fileRef = 445C0F592BC7C8FC004CD30D /* SceneDelegate.swift */; };
		445C0F612BC7C8FD004CD30D /* Assets.xcassets in Resources */ = {isa = PBXBuildFile; fileRef = 445C0F602BC7C8FD004CD30D /* Assets.xcassets */; };
		445C0F642BC7C8FD004CD30D /* LaunchScreen.storyboard in Resources */ = {isa = PBXBuildFile; fileRef = 445C0F622BC7C8FD004CD30D /* LaunchScreen.storyboard */; };
		44637AA72BC8D05800F66819 /* libTextureChatUI.a in Frameworks */ = {isa = PBXBuildFile; fileRef = 44637A982BC8CF3F00F66819 /* libTextureChatUI.a */; };
		44637AAA2BC8D08500F66819 /* RootTabBarController.swift in Sources */ = {isa = PBXBuildFile; fileRef = 44637AA52BC8D00600F66819 /* RootTabBarController.swift */; };
		44637AAB2BC8D08900F66819 /* NavigationController.swift in Sources */ = {isa = PBXBuildFile; fileRef = 44637AA02BC8CF9D00F66819 /* NavigationController.swift */; };
		44637AAF2BC8DA0E00F66819 /* ChatListController.swift in Sources */ = {isa = PBXBuildFile; fileRef = 44637AAD2BC8D1C100F66819 /* ChatListController.swift */; };
		45AFD651B50B62FE736ECFEC /* Pods_TextureChatUI.framework in Frameworks */ = {isa = PBXBuildFile; fileRef = B5C99C375F6FA46A526D33D0 /* Pods_TextureChatUI.framework */; };
		F809FDFF9FCF4A32334BB996 /* Pods_TextureChat.framework in Frameworks */ = {isa = PBXBuildFile; fileRef = ADDA82A425297E8A7ED694C7 /* Pods_TextureChat.framework */; };
/* End PBXBuildFile section */

/* Begin PBXContainerItemProxy section */
		44637AA82BC8D05800F66819 /* PBXContainerItemProxy */ = {
			isa = PBXContainerItemProxy;
			containerPortal = 445C0F4C2BC7C8FC004CD30D /* Project object */;
			proxyType = 1;
			remoteGlobalIDString = 44637A972BC8CF3E00F66819;
			remoteInfo = TextureChatUI;
		};
/* End PBXContainerItemProxy section */

/* Begin PBXCopyFilesBuildPhase section */
		44637A962BC8CF3E00F66819 /* CopyFiles */ = {
			isa = PBXCopyFilesBuildPhase;
			buildActionMask = 2147483647;
			dstPath = "include/$(PRODUCT_NAME)";
			dstSubfolderSpec = 16;
			files = (
			);
			runOnlyForDeploymentPostprocessing = 0;
		};
/* End PBXCopyFilesBuildPhase section */

/* Begin PBXFileReference section */
		27F52768EF2ED1BD26A4E59A /* Pods-TextureChatUI.debug.xcconfig */ = {isa = PBXFileReference; includeInIndex = 1; lastKnownFileType = text.xcconfig; name = "Pods-TextureChatUI.debug.xcconfig"; path = "Target Support Files/Pods-TextureChatUI/Pods-TextureChatUI.debug.xcconfig"; sourceTree = "<group>"; };
		2DF35E2953399C255E90EB0E /* Pods-TextureChatUI.release.xcconfig */ = {isa = PBXFileReference; includeInIndex = 1; lastKnownFileType = text.xcconfig; name = "Pods-TextureChatUI.release.xcconfig"; path = "Target Support Files/Pods-TextureChatUI/Pods-TextureChatUI.release.xcconfig"; sourceTree = "<group>"; };
		445C0F542BC7C8FC004CD30D /* TextureChat.app */ = {isa = PBXFileReference; explicitFileType = wrapper.application; includeInIndex = 0; path = TextureChat.app; sourceTree = BUILT_PRODUCTS_DIR; };
		445C0F572BC7C8FC004CD30D /* AppDelegate.swift */ = {isa = PBXFileReference; lastKnownFileType = sourcecode.swift; path = AppDelegate.swift; sourceTree = "<group>"; };
		445C0F592BC7C8FC004CD30D /* SceneDelegate.swift */ = {isa = PBXFileReference; lastKnownFileType = sourcecode.swift; path = SceneDelegate.swift; sourceTree = "<group>"; };
		445C0F602BC7C8FD004CD30D /* Assets.xcassets */ = {isa = PBXFileReference; lastKnownFileType = folder.assetcatalog; path = Assets.xcassets; sourceTree = "<group>"; };
		445C0F632BC7C8FD004CD30D /* Base */ = {isa = PBXFileReference; lastKnownFileType = file.storyboard; name = Base; path = Base.lproj/LaunchScreen.storyboard; sourceTree = "<group>"; };
		445C0F652BC7C8FD004CD30D /* Info.plist */ = {isa = PBXFileReference; lastKnownFileType = text.plist.xml; path = Info.plist; sourceTree = "<group>"; };
		44637A982BC8CF3F00F66819 /* libTextureChatUI.a */ = {isa = PBXFileReference; explicitFileType = archive.ar; includeInIndex = 0; path = libTextureChatUI.a; sourceTree = BUILT_PRODUCTS_DIR; };
		44637AA02BC8CF9D00F66819 /* NavigationController.swift */ = {isa = PBXFileReference; lastKnownFileType = sourcecode.swift; path = NavigationController.swift; sourceTree = "<group>"; };
		44637AA52BC8D00600F66819 /* RootTabBarController.swift */ = {isa = PBXFileReference; lastKnownFileType = sourcecode.swift; path = RootTabBarController.swift; sourceTree = "<group>"; };
		44637AAD2BC8D1C100F66819 /* ChatListController.swift */ = {isa = PBXFileReference; lastKnownFileType = sourcecode.swift; path = ChatListController.swift; sourceTree = "<group>"; };
		4CC39156042AA21DBD07ED6B /* Pods-TextureChat.release.xcconfig */ = {isa = PBXFileReference; includeInIndex = 1; lastKnownFileType = text.xcconfig; name = "Pods-TextureChat.release.xcconfig"; path = "Target Support Files/Pods-TextureChat/Pods-TextureChat.release.xcconfig"; sourceTree = "<group>"; };
		71FF4A55B38971340A0D2DD9 /* Pods-TextureChat.debug.xcconfig */ = {isa = PBXFileReference; includeInIndex = 1; lastKnownFileType = text.xcconfig; name = "Pods-TextureChat.debug.xcconfig"; path = "Target Support Files/Pods-TextureChat/Pods-TextureChat.debug.xcconfig"; sourceTree = "<group>"; };
		ADDA82A425297E8A7ED694C7 /* Pods_TextureChat.framework */ = {isa = PBXFileReference; explicitFileType = wrapper.framework; includeInIndex = 0; path = Pods_TextureChat.framework; sourceTree = BUILT_PRODUCTS_DIR; };
		B5C99C375F6FA46A526D33D0 /* Pods_TextureChatUI.framework */ = {isa = PBXFileReference; explicitFileType = wrapper.framework; includeInIndex = 0; path = Pods_TextureChatUI.framework; sourceTree = BUILT_PRODUCTS_DIR; };
/* End PBXFileReference section */

/* Begin PBXFrameworksBuildPhase section */
		445C0F512BC7C8FC004CD30D /* Frameworks */ = {
			isa = PBXFrameworksBuildPhase;
			buildActionMask = 2147483647;
			files = (
				44637AA72BC8D05800F66819 /* libTextureChatUI.a in Frameworks */,
				F809FDFF9FCF4A32334BB996 /* Pods_TextureChat.framework in Frameworks */,
			);
			runOnlyForDeploymentPostprocessing = 0;
		};
		44637A952BC8CF3E00F66819 /* Frameworks */ = {
			isa = PBXFrameworksBuildPhase;
			buildActionMask = 2147483647;
			files = (
				45AFD651B50B62FE736ECFEC /* Pods_TextureChatUI.framework in Frameworks */,
			);
			runOnlyForDeploymentPostprocessing = 0;
		};
/* End PBXFrameworksBuildPhase section */

/* Begin PBXGroup section */
		0B9E96842FCCABDD4452AFE6 /* Frameworks */ = {
			isa = PBXGroup;
			children = (
				ADDA82A425297E8A7ED694C7 /* Pods_TextureChat.framework */,
				B5C99C375F6FA46A526D33D0 /* Pods_TextureChatUI.framework */,
			);
			name = Frameworks;
			sourceTree = "<group>";
		};
		445C0F4B2BC7C8FC004CD30D = {
			isa = PBXGroup;
			children = (
				44637A9F2BC8CF4C00F66819 /* submodules */,
				445C0F562BC7C8FC004CD30D /* TextureChat */,
				445C0F552BC7C8FC004CD30D /* Products */,
				BBD09A1BF3D57BB38F516C67 /* Pods */,
				0B9E96842FCCABDD4452AFE6 /* Frameworks */,
			);
			sourceTree = "<group>";
		};
		445C0F552BC7C8FC004CD30D /* Products */ = {
			isa = PBXGroup;
			children = (
				445C0F542BC7C8FC004CD30D /* TextureChat.app */,
				44637A982BC8CF3F00F66819 /* libTextureChatUI.a */,
			);
			name = Products;
			sourceTree = "<group>";
		};
		445C0F562BC7C8FC004CD30D /* TextureChat */ = {
			isa = PBXGroup;
			children = (
				44637A922BC8CE4800F66819 /* Apps */,
			);
			path = TextureChat;
			sourceTree = "<group>";
		};
		44637A922BC8CE4800F66819 /* Apps */ = {
			isa = PBXGroup;
			children = (
				445C0F572BC7C8FC004CD30D /* AppDelegate.swift */,
				445C0F592BC7C8FC004CD30D /* SceneDelegate.swift */,
				445C0F602BC7C8FD004CD30D /* Assets.xcassets */,
				445C0F622BC7C8FD004CD30D /* LaunchScreen.storyboard */,
				445C0F652BC7C8FD004CD30D /* Info.plist */,
			);
			path = Apps;
			sourceTree = "<group>";
		};
		44637A992BC8CF3F00F66819 /* TextureChatUI */ = {
			isa = PBXGroup;
			children = (
				44637AA22BC8CFBB00F66819 /* Components */,
			);
			path = TextureChatUI;
			sourceTree = "<group>";
		};
		44637A9F2BC8CF4C00F66819 /* submodules */ = {
			isa = PBXGroup;
			children = (
				44637A992BC8CF3F00F66819 /* TextureChatUI */,
			);
			path = submodules;
			sourceTree = "<group>";
		};
		44637AA22BC8CFBB00F66819 /* Components */ = {
			isa = PBXGroup;
			children = (
				44637AAC2BC8D1A400F66819 /* ChatListController */,
				44637AA42BC8CFED00F66819 /* RootTabBarController */,
				44637AA32BC8CFD700F66819 /* NavigationController */,
			);
			path = Components;
			sourceTree = "<group>";
		};
		44637AA32BC8CFD700F66819 /* NavigationController */ = {
			isa = PBXGroup;
			children = (
				44637AA02BC8CF9D00F66819 /* NavigationController.swift */,
			);
			path = NavigationController;
			sourceTree = "<group>";
		};
		44637AA42BC8CFED00F66819 /* RootTabBarController */ = {
			isa = PBXGroup;
			children = (
				44637AA52BC8D00600F66819 /* RootTabBarController.swift */,
			);
			path = RootTabBarController;
			sourceTree = "<group>";
		};
		44637AAC2BC8D1A400F66819 /* ChatListController */ = {
			isa = PBXGroup;
			children = (
				44637AAD2BC8D1C100F66819 /* ChatListController.swift */,
			);
			path = ChatListController;
			sourceTree = "<group>";
		};
		BBD09A1BF3D57BB38F516C67 /* Pods */ = {
			isa = PBXGroup;
			children = (
				71FF4A55B38971340A0D2DD9 /* Pods-TextureChat.debug.xcconfig */,
				4CC39156042AA21DBD07ED6B /* Pods-TextureChat.release.xcconfig */,
				27F52768EF2ED1BD26A4E59A /* Pods-TextureChatUI.debug.xcconfig */,
				2DF35E2953399C255E90EB0E /* Pods-TextureChatUI.release.xcconfig */,
			);
			path = Pods;
			sourceTree = "<group>";
		};
/* End PBXGroup section */

/* Begin PBXNativeTarget section */
		445C0F532BC7C8FC004CD30D /* TextureChat */ = {
			isa = PBXNativeTarget;
			buildConfigurationList = 445C0F682BC7C8FD004CD30D /* Build configuration list for PBXNativeTarget "TextureChat" */;
			buildPhases = (
				60676F292D7065109F2A4134 /* [CP] Check Pods Manifest.lock */,
				445C0F502BC7C8FC004CD30D /* Sources */,
				445C0F512BC7C8FC004CD30D /* Frameworks */,
				445C0F522BC7C8FC004CD30D /* Resources */,
				123422CB4EC7A2CBF09F42A8 /* [CP] Embed Pods Frameworks */,
			);
			buildRules = (
			);
			dependencies = (
				44637AA92BC8D05800F66819 /* PBXTargetDependency */,
			);
			name = TextureChat;
			productName = TextureChat;
			productReference = 445C0F542BC7C8FC004CD30D /* TextureChat.app */;
			productType = "com.apple.product-type.application";
		};
		44637A972BC8CF3E00F66819 /* TextureChatUI */ = {
			isa = PBXNativeTarget;
			buildConfigurationList = 44637A9C2BC8CF3F00F66819 /* Build configuration list for PBXNativeTarget "TextureChatUI" */;
			buildPhases = (
				338831CA8005AA0EED10880D /* [CP] Check Pods Manifest.lock */,
				44637A942BC8CF3E00F66819 /* Sources */,
				44637A952BC8CF3E00F66819 /* Frameworks */,
				44637A962BC8CF3E00F66819 /* CopyFiles */,
			);
			buildRules = (
			);
			dependencies = (
			);
			name = TextureChatUI;
			productName = TextureChatUI;
			productReference = 44637A982BC8CF3F00F66819 /* libTextureChatUI.a */;
			productType = "com.apple.product-type.library.static";
		};
/* End PBXNativeTarget section */

/* Begin PBXProject section */
		445C0F4C2BC7C8FC004CD30D /* Project object */ = {
			isa = PBXProject;
			attributes = {
				BuildIndependentTargetsInParallel = 1;
				LastSwiftUpdateCheck = 1520;
				LastUpgradeCheck = 1520;
				TargetAttributes = {
					445C0F532BC7C8FC004CD30D = {
						CreatedOnToolsVersion = 15.2;
					};
					44637A972BC8CF3E00F66819 = {
						CreatedOnToolsVersion = 15.2;
					};
				};
			};
			buildConfigurationList = 445C0F4F2BC7C8FC004CD30D /* Build configuration list for PBXProject "TextureChat" */;
			compatibilityVersion = "Xcode 14.0";
			developmentRegion = en;
			hasScannedForEncodings = 0;
			knownRegions = (
				en,
				Base,
			);
			mainGroup = 445C0F4B2BC7C8FC004CD30D;
			productRefGroup = 445C0F552BC7C8FC004CD30D /* Products */;
			projectDirPath = "";
			projectRoot = "";
			targets = (
				445C0F532BC7C8FC004CD30D /* TextureChat */,
				44637A972BC8CF3E00F66819 /* TextureChatUI */,
			);
		};
/* End PBXProject section */

/* Begin PBXResourcesBuildPhase section */
		445C0F522BC7C8FC004CD30D /* Resources */ = {
			isa = PBXResourcesBuildPhase;
			buildActionMask = 2147483647;
			files = (
				445C0F642BC7C8FD004CD30D /* LaunchScreen.storyboard in Resources */,
				445C0F612BC7C8FD004CD30D /* Assets.xcassets in Resources */,
			);
			runOnlyForDeploymentPostprocessing = 0;
		};
/* End PBXResourcesBuildPhase section */

/* Begin PBXShellScriptBuildPhase section */
		123422CB4EC7A2CBF09F42A8 /* [CP] Embed Pods Frameworks */ = {
			isa = PBXShellScriptBuildPhase;
			buildActionMask = 2147483647;
			files = (
			);
			inputFileListPaths = (
				"${PODS_ROOT}/Target Support Files/Pods-TextureChat/Pods-TextureChat-frameworks-${CONFIGURATION}-input-files.xcfilelist",
			);
			name = "[CP] Embed Pods Frameworks";
			outputFileListPaths = (
				"${PODS_ROOT}/Target Support Files/Pods-TextureChat/Pods-TextureChat-frameworks-${CONFIGURATION}-output-files.xcfilelist",
			);
			runOnlyForDeploymentPostprocessing = 0;
			shellPath = /bin/sh;
			shellScript = "\"${PODS_ROOT}/Target Support Files/Pods-TextureChat/Pods-TextureChat-frameworks.sh\"\n";
			showEnvVarsInLog = 0;
		};
		338831CA8005AA0EED10880D /* [CP] Check Pods Manifest.lock */ = {
			isa = PBXShellScriptBuildPhase;
			buildActionMask = 2147483647;
			files = (
			);
			inputFileListPaths = (
			);
			inputPaths = (
				"${PODS_PODFILE_DIR_PATH}/Podfile.lock",
				"${PODS_ROOT}/Manifest.lock",
			);
			name = "[CP] Check Pods Manifest.lock";
			outputFileListPaths = (
			);
			outputPaths = (
				"$(DERIVED_FILE_DIR)/Pods-TextureChatUI-checkManifestLockResult.txt",
			);
			runOnlyForDeploymentPostprocessing = 0;
			shellPath = /bin/sh;
			shellScript = "diff \"${PODS_PODFILE_DIR_PATH}/Podfile.lock\" \"${PODS_ROOT}/Manifest.lock\" > /dev/null\nif [ $? != 0 ] ; then\n    # print error to STDERR\n    echo \"error: The sandbox is not in sync with the Podfile.lock. Run 'pod install' or update your CocoaPods installation.\" >&2\n    exit 1\nfi\n# This output is used by Xcode 'outputs' to avoid re-running this script phase.\necho \"SUCCESS\" > \"${SCRIPT_OUTPUT_FILE_0}\"\n";
			showEnvVarsInLog = 0;
		};
		60676F292D7065109F2A4134 /* [CP] Check Pods Manifest.lock */ = {
			isa = PBXShellScriptBuildPhase;
			buildActionMask = 2147483647;
			files = (
			);
			inputFileListPaths = (
			);
			inputPaths = (
				"${PODS_PODFILE_DIR_PATH}/Podfile.lock",
				"${PODS_ROOT}/Manifest.lock",
			);
			name = "[CP] Check Pods Manifest.lock";
			outputFileListPaths = (
			);
			outputPaths = (
				"$(DERIVED_FILE_DIR)/Pods-TextureChat-checkManifestLockResult.txt",
			);
			runOnlyForDeploymentPostprocessing = 0;
			shellPath = /bin/sh;
			shellScript = "diff \"${PODS_PODFILE_DIR_PATH}/Podfile.lock\" \"${PODS_ROOT}/Manifest.lock\" > /dev/null\nif [ $? != 0 ] ; then\n    # print error to STDERR\n    echo \"error: The sandbox is not in sync with the Podfile.lock. Run 'pod install' or update your CocoaPods installation.\" >&2\n    exit 1\nfi\n# This output is used by Xcode 'outputs' to avoid re-running this script phase.\necho \"SUCCESS\" > \"${SCRIPT_OUTPUT_FILE_0}\"\n";
			showEnvVarsInLog = 0;
		};
/* End PBXShellScriptBuildPhase section */

/* Begin PBXSourcesBuildPhase section */
		445C0F502BC7C8FC004CD30D /* Sources */ = {
			isa = PBXSourcesBuildPhase;
			buildActionMask = 2147483647;
			files = (
				445C0F582BC7C8FC004CD30D /* AppDelegate.swift in Sources */,
				445C0F5A2BC7C8FC004CD30D /* SceneDelegate.swift in Sources */,
			);
			runOnlyForDeploymentPostprocessing = 0;
		};
		44637A942BC8CF3E00F66819 /* Sources */ = {
			isa = PBXSourcesBuildPhase;
			buildActionMask = 2147483647;
			files = (
				44637AAA2BC8D08500F66819 /* RootTabBarController.swift in Sources */,
				44637AAF2BC8DA0E00F66819 /* ChatListController.swift in Sources */,
				44637AAB2BC8D08900F66819 /* NavigationController.swift in Sources */,
			);
			runOnlyForDeploymentPostprocessing = 0;
		};
/* End PBXSourcesBuildPhase section */

/* Begin PBXTargetDependency section */
		44637AA92BC8D05800F66819 /* PBXTargetDependency */ = {
			isa = PBXTargetDependency;
			target = 44637A972BC8CF3E00F66819 /* TextureChatUI */;
			targetProxy = 44637AA82BC8D05800F66819 /* PBXContainerItemProxy */;
		};
/* End PBXTargetDependency section */

/* Begin PBXVariantGroup section */
		445C0F622BC7C8FD004CD30D /* LaunchScreen.storyboard */ = {
			isa = PBXVariantGroup;
			children = (
				445C0F632BC7C8FD004CD30D /* Base */,
			);
			name = LaunchScreen.storyboard;
			sourceTree = "<group>";
		};
/* End PBXVariantGroup section */

/* Begin XCBuildConfiguration section */
		445C0F662BC7C8FD004CD30D /* Debug */ = {
			isa = XCBuildConfiguration;
			buildSettings = {
				ALWAYS_SEARCH_USER_PATHS = NO;
				ASSETCATALOG_COMPILER_GENERATE_SWIFT_ASSET_SYMBOL_EXTENSIONS = YES;
				CLANG_ANALYZER_NONNULL = YES;
				CLANG_ANALYZER_NUMBER_OBJECT_CONVERSION = YES_AGGRESSIVE;
				CLANG_CXX_LANGUAGE_STANDARD = "gnu++20";
				CLANG_ENABLE_MODULES = YES;
				CLANG_ENABLE_OBJC_ARC = YES;
				CLANG_ENABLE_OBJC_WEAK = YES;
				CLANG_WARN_BLOCK_CAPTURE_AUTORELEASING = YES;
				CLANG_WARN_BOOL_CONVERSION = YES;
				CLANG_WARN_COMMA = YES;
				CLANG_WARN_CONSTANT_CONVERSION = YES;
				CLANG_WARN_DEPRECATED_OBJC_IMPLEMENTATIONS = YES;
				CLANG_WARN_DIRECT_OBJC_ISA_USAGE = YES_ERROR;
				CLANG_WARN_DOCUMENTATION_COMMENTS = YES;
				CLANG_WARN_EMPTY_BODY = YES;
				CLANG_WARN_ENUM_CONVERSION = YES;
				CLANG_WARN_INFINITE_RECURSION = YES;
				CLANG_WARN_INT_CONVERSION = YES;
				CLANG_WARN_NON_LITERAL_NULL_CONVERSION = YES;
				CLANG_WARN_OBJC_IMPLICIT_RETAIN_SELF = YES;
				CLANG_WARN_OBJC_LITERAL_CONVERSION = YES;
				CLANG_WARN_OBJC_ROOT_CLASS = YES_ERROR;
				CLANG_WARN_QUOTED_INCLUDE_IN_FRAMEWORK_HEADER = YES;
				CLANG_WARN_RANGE_LOOP_ANALYSIS = YES;
				CLANG_WARN_STRICT_PROTOTYPES = YES;
				CLANG_WARN_SUSPICIOUS_MOVE = YES;
				CLANG_WARN_UNGUARDED_AVAILABILITY = YES_AGGRESSIVE;
				CLANG_WARN_UNREACHABLE_CODE = YES;
				CLANG_WARN__DUPLICATE_METHOD_MATCH = YES;
				COPY_PHASE_STRIP = NO;
				DEBUG_INFORMATION_FORMAT = dwarf;
				ENABLE_STRICT_OBJC_MSGSEND = YES;
				ENABLE_TESTABILITY = YES;
				ENABLE_USER_SCRIPT_SANDBOXING = YES;
				GCC_C_LANGUAGE_STANDARD = gnu17;
				GCC_DYNAMIC_NO_PIC = NO;
				GCC_NO_COMMON_BLOCKS = YES;
				GCC_OPTIMIZATION_LEVEL = 0;
				GCC_PREPROCESSOR_DEFINITIONS = (
					"DEBUG=1",
					"$(inherited)",
				);
				GCC_WARN_64_TO_32_BIT_CONVERSION = YES;
				GCC_WARN_ABOUT_RETURN_TYPE = YES_ERROR;
				GCC_WARN_UNDECLARED_SELECTOR = YES;
				GCC_WARN_UNINITIALIZED_AUTOS = YES_AGGRESSIVE;
				GCC_WARN_UNUSED_FUNCTION = YES;
				GCC_WARN_UNUSED_VARIABLE = YES;
				IPHONEOS_DEPLOYMENT_TARGET = 17.2;
				LOCALIZATION_PREFERS_STRING_CATALOGS = YES;
				MTL_ENABLE_DEBUG_INFO = INCLUDE_SOURCE;
				MTL_FAST_MATH = YES;
				ONLY_ACTIVE_ARCH = YES;
				OTHER_LDFLAGS = (
					"-Xlinker",
					"-no_warn_duplicate_libraries",
				);
				SDKROOT = iphoneos;
				SWIFT_ACTIVE_COMPILATION_CONDITIONS = "DEBUG $(inherited)";
				SWIFT_OPTIMIZATION_LEVEL = "-Onone";
			};
			name = Debug;
		};
		445C0F672BC7C8FD004CD30D /* Release */ = {
			isa = XCBuildConfiguration;
			buildSettings = {
				ALWAYS_SEARCH_USER_PATHS = NO;
				ASSETCATALOG_COMPILER_GENERATE_SWIFT_ASSET_SYMBOL_EXTENSIONS = YES;
				CLANG_ANALYZER_NONNULL = YES;
				CLANG_ANALYZER_NUMBER_OBJECT_CONVERSION = YES_AGGRESSIVE;
				CLANG_CXX_LANGUAGE_STANDARD = "gnu++20";
				CLANG_ENABLE_MODULES = YES;
				CLANG_ENABLE_OBJC_ARC = YES;
				CLANG_ENABLE_OBJC_WEAK = YES;
				CLANG_WARN_BLOCK_CAPTURE_AUTORELEASING = YES;
				CLANG_WARN_BOOL_CONVERSION = YES;
				CLANG_WARN_COMMA = YES;
				CLANG_WARN_CONSTANT_CONVERSION = YES;
				CLANG_WARN_DEPRECATED_OBJC_IMPLEMENTATIONS = YES;
				CLANG_WARN_DIRECT_OBJC_ISA_USAGE = YES_ERROR;
				CLANG_WARN_DOCUMENTATION_COMMENTS = YES;
				CLANG_WARN_EMPTY_BODY = YES;
				CLANG_WARN_ENUM_CONVERSION = YES;
				CLANG_WARN_INFINITE_RECURSION = YES;
				CLANG_WARN_INT_CONVERSION = YES;
				CLANG_WARN_NON_LITERAL_NULL_CONVERSION = YES;
				CLANG_WARN_OBJC_IMPLICIT_RETAIN_SELF = YES;
				CLANG_WARN_OBJC_LITERAL_CONVERSION = YES;
				CLANG_WARN_OBJC_ROOT_CLASS = YES_ERROR;
				CLANG_WARN_QUOTED_INCLUDE_IN_FRAMEWORK_HEADER = YES;
				CLANG_WARN_RANGE_LOOP_ANALYSIS = YES;
				CLANG_WARN_STRICT_PROTOTYPES = YES;
				CLANG_WARN_SUSPICIOUS_MOVE = YES;
				CLANG_WARN_UNGUARDED_AVAILABILITY = YES_AGGRESSIVE;
				CLANG_WARN_UNREACHABLE_CODE = YES;
				CLANG_WARN__DUPLICATE_METHOD_MATCH = YES;
				COPY_PHASE_STRIP = NO;
				DEBUG_INFORMATION_FORMAT = "dwarf-with-dsym";
				ENABLE_NS_ASSERTIONS = NO;
				ENABLE_STRICT_OBJC_MSGSEND = YES;
				ENABLE_USER_SCRIPT_SANDBOXING = YES;
				GCC_C_LANGUAGE_STANDARD = gnu17;
				GCC_NO_COMMON_BLOCKS = YES;
				GCC_WARN_64_TO_32_BIT_CONVERSION = YES;
				GCC_WARN_ABOUT_RETURN_TYPE = YES_ERROR;
				GCC_WARN_UNDECLARED_SELECTOR = YES;
				GCC_WARN_UNINITIALIZED_AUTOS = YES_AGGRESSIVE;
				GCC_WARN_UNUSED_FUNCTION = YES;
				GCC_WARN_UNUSED_VARIABLE = YES;
				IPHONEOS_DEPLOYMENT_TARGET = 17.2;
				LOCALIZATION_PREFERS_STRING_CATALOGS = YES;
				MTL_ENABLE_DEBUG_INFO = NO;
				MTL_FAST_MATH = YES;
				OTHER_LDFLAGS = (
					"-Xlinker",
					"-no_warn_duplicate_libraries",
				);
				SDKROOT = iphoneos;
				SWIFT_COMPILATION_MODE = wholemodule;
				VALIDATE_PRODUCT = YES;
			};
			name = Release;
		};
		445C0F692BC7C8FD004CD30D /* Debug */ = {
			isa = XCBuildConfiguration;
			baseConfigurationReference = 71FF4A55B38971340A0D2DD9 /* Pods-TextureChat.debug.xcconfig */;
			buildSettings = {
				ASSETCATALOG_COMPILER_APPICON_NAME = AppIcon;
				ASSETCATALOG_COMPILER_GLOBAL_ACCENT_COLOR_NAME = AccentColor;
				CODE_SIGN_STYLE = Automatic;
				CURRENT_PROJECT_VERSION = 1;
				ENABLE_USER_SCRIPT_SANDBOXING = NO;
				GENERATE_INFOPLIST_FILE = YES;
				INFOPLIST_FILE = TextureChat/Apps/Info.plist;
				INFOPLIST_KEY_UIApplicationSupportsIndirectInputEvents = YES;
				INFOPLIST_KEY_UILaunchStoryboardName = LaunchScreen;
				INFOPLIST_KEY_UISupportedInterfaceOrientations_iPad = "UIInterfaceOrientationPortrait UIInterfaceOrientationPortraitUpsideDown UIInterfaceOrientationLandscapeLeft UIInterfaceOrientationLandscapeRight";
				INFOPLIST_KEY_UISupportedInterfaceOrientations_iPhone = "UIInterfaceOrientationPortrait UIInterfaceOrientationLandscapeLeft UIInterfaceOrientationLandscapeRight";
				IPHONEOS_DEPLOYMENT_TARGET = 16.0;
				LD_RUNPATH_SEARCH_PATHS = (
					"$(inherited)",
					"@executable_path/Frameworks",
				);
				MARKETING_VERSION = 1.0;
				OTHER_LDFLAGS = (
					"$(inherited)",
					"-l\"c++\"",
					"-framework",
					"\"AVFoundation\"",
					"-framework",
					"\"Accelerate\"",
					"-framework",
					"\"AssetsLibrary\"",
					"-framework",
					"\"AsyncDisplayKit\"",
					"-framework",
					"\"CoreLocation\"",
					"-framework",
					"\"CoreMedia\"",
					"-framework",
					"\"Foundation\"",
					"-framework",
					"\"ImageIO\"",
					"-framework",
					"\"MapKit\"",
					"-framework",
					"\"PINCache\"",
					"-framework",
					"\"PINOperation\"",
					"-framework",
					"\"PINRemoteImage\"",
					"-framework",
					"\"Photos\"",
					"-framework",
					"\"UIKit\"",
					"-weak_framework",
					"\"UIKit\"",
				);
				PRODUCT_BUNDLE_IDENTIFIER = tw.com.bingbing.TextureChat;
				PRODUCT_NAME = "$(TARGET_NAME)";
				SWIFT_EMIT_LOC_STRINGS = YES;
				SWIFT_VERSION = 5.0;
				TARGETED_DEVICE_FAMILY = "1,2";
			};
			name = Debug;
		};
		445C0F6A2BC7C8FD004CD30D /* Release */ = {
			isa = XCBuildConfiguration;
			baseConfigurationReference = 4CC39156042AA21DBD07ED6B /* Pods-TextureChat.release.xcconfig */;
			buildSettings = {
				ASSETCATALOG_COMPILER_APPICON_NAME = AppIcon;
				ASSETCATALOG_COMPILER_GLOBAL_ACCENT_COLOR_NAME = AccentColor;
				CODE_SIGN_STYLE = Automatic;
				CURRENT_PROJECT_VERSION = 1;
				ENABLE_USER_SCRIPT_SANDBOXING = NO;
				GENERATE_INFOPLIST_FILE = YES;
				INFOPLIST_FILE = TextureChat/Apps/Info.plist;
				INFOPLIST_KEY_UIApplicationSupportsIndirectInputEvents = YES;
				INFOPLIST_KEY_UILaunchStoryboardName = LaunchScreen;
				INFOPLIST_KEY_UISupportedInterfaceOrientations_iPad = "UIInterfaceOrientationPortrait UIInterfaceOrientationPortraitUpsideDown UIInterfaceOrientationLandscapeLeft UIInterfaceOrientationLandscapeRight";
				INFOPLIST_KEY_UISupportedInterfaceOrientations_iPhone = "UIInterfaceOrientationPortrait UIInterfaceOrientationLandscapeLeft UIInterfaceOrientationLandscapeRight";
				IPHONEOS_DEPLOYMENT_TARGET = 16.0;
				LD_RUNPATH_SEARCH_PATHS = (
					"$(inherited)",
					"@executable_path/Frameworks",
				);
				MARKETING_VERSION = 1.0;
				OTHER_LDFLAGS = (
					"$(inherited)",
					"-l\"c++\"",
					"-framework",
					"\"AVFoundation\"",
					"-framework",
					"\"Accelerate\"",
					"-framework",
					"\"AssetsLibrary\"",
					"-framework",
					"\"AsyncDisplayKit\"",
					"-framework",
					"\"CoreLocation\"",
					"-framework",
					"\"CoreMedia\"",
					"-framework",
					"\"Foundation\"",
					"-framework",
					"\"ImageIO\"",
					"-framework",
					"\"MapKit\"",
					"-framework",
					"\"PINCache\"",
					"-framework",
					"\"PINOperation\"",
					"-framework",
					"\"PINRemoteImage\"",
					"-framework",
					"\"Photos\"",
					"-framework",
					"\"UIKit\"",
					"-weak_framework",
					"\"UIKit\"",
				);
				PRODUCT_BUNDLE_IDENTIFIER = tw.com.bingbing.TextureChat;
				PRODUCT_NAME = "$(TARGET_NAME)";
				SWIFT_EMIT_LOC_STRINGS = YES;
				SWIFT_VERSION = 5.0;
				TARGETED_DEVICE_FAMILY = "1,2";
			};
			name = Release;
		};
		44637A9D2BC8CF3F00F66819 /* Debug */ = {
			isa = XCBuildConfiguration;
			baseConfigurationReference = 27F52768EF2ED1BD26A4E59A /* Pods-TextureChatUI.debug.xcconfig */;
			buildSettings = {
				CODE_SIGN_STYLE = Automatic;
				IPHONEOS_DEPLOYMENT_TARGET = 16.0;
				OTHER_LDFLAGS = "-ObjC";
				PRODUCT_NAME = "$(TARGET_NAME)";
				SKIP_INSTALL = YES;
				SWIFT_VERSION = 5.0;
				TARGETED_DEVICE_FAMILY = "1,2";
			};
			name = Debug;
		};
		44637A9E2BC8CF3F00F66819 /* Release */ = {
			isa = XCBuildConfiguration;
			baseConfigurationReference = 2DF35E2953399C255E90EB0E /* Pods-TextureChatUI.release.xcconfig */;
			buildSettings = {
				CODE_SIGN_STYLE = Automatic;
				IPHONEOS_DEPLOYMENT_TARGET = 16.0;
				OTHER_LDFLAGS = "-ObjC";
				PRODUCT_NAME = "$(TARGET_NAME)";
				SKIP_INSTALL = YES;
				SWIFT_VERSION = 5.0;
				TARGETED_DEVICE_FAMILY = "1,2";
			};
			name = Release;
		};
/* End XCBuildConfiguration section */

/* Begin XCConfigurationList section */
		445C0F4F2BC7C8FC004CD30D /* Build configuration list for PBXProject "TextureChat" */ = {
			isa = XCConfigurationList;
			buildConfigurations = (
				445C0F662BC7C8FD004CD30D /* Debug */,
				445C0F672BC7C8FD004CD30D /* Release */,
			);
			defaultConfigurationIsVisible = 0;
			defaultConfigurationName = Release;
		};
		445C0F682BC7C8FD004CD30D /* Build configuration list for PBXNativeTarget "TextureChat" */ = {
			isa = XCConfigurationList;
			buildConfigurations = (
				445C0F692BC7C8FD004CD30D /* Debug */,
				445C0F6A2BC7C8FD004CD30D /* Release */,
			);
			defaultConfigurationIsVisible = 0;
			defaultConfigurationName = Release;
		};
		44637A9C2BC8CF3F00F66819 /* Build configuration list for PBXNativeTarget "TextureChatUI" */ = {
			isa = XCConfigurationList;
			buildConfigurations = (
				44637A9D2BC8CF3F00F66819 /* Debug */,
				44637A9E2BC8CF3F00F66819 /* Release */,
			);
			defaultConfigurationIsVisible = 0;
			defaultConfigurationName = Release;
		};
/* End XCConfigurationList section */
	};
	rootObject = 445C0F4C2BC7C8FC004CD30D /* Project object */;
}
